// !$*UTF8*$!
{
	archiveVersion = 1;
	classes = {
	};
	objectVersion = 46;
	objects = {

/* Begin PBXBuildFile section */
		80EC11B81C445BEE001BE318 /* main.m in Sources */ = {isa = PBXBuildFile; fileRef = 80EC11B71C445BEE001BE318 /* main.m */; };
		80EC11BB1C445BEE001BE318 /* AppDelegate.m in Sources */ = {isa = PBXBuildFile; fileRef = 80EC11BA1C445BEE001BE318 /* AppDelegate.m */; };
		80EC11BE1C445BEE001BE318 /* Start.m in Sources */ = {isa = PBXBuildFile; fileRef = 80EC11BD1C445BEE001BE318 /* Start.m */; };
		80EC11C11C445BEF001BE318 /* Main.storyboard in Resources */ = {isa = PBXBuildFile; fileRef = 80EC11BF1C445BEF001BE318 /* Main.storyboard */; };
		80EC11C41C445BEF001BE318 /* PayPal_ExerciseManual.xcdatamodeld in Sources */ = {isa = PBXBuildFile; fileRef = 80EC11C21C445BEF001BE318 /* PayPal_ExerciseManual.xcdatamodeld */; };
		80EC11C61C445BEF001BE318 /* Assets.xcassets in Resources */ = {isa = PBXBuildFile; fileRef = 80EC11C51C445BEF001BE318 /* Assets.xcassets */; };
		80EC11C91C445BEF001BE318 /* LaunchScreen.storyboard in Resources */ = {isa = PBXBuildFile; fileRef = 80EC11C71C445BEF001BE318 /* LaunchScreen.storyboard */; };
		80EC11E71C445D6B001BE318 /* libCardIO.a in Frameworks */ = {isa = PBXBuildFile; fileRef = 80EC11DB1C445D6B001BE318 /* libCardIO.a */; };
		80EC11E81C445D6B001BE318 /* libopencv_core.a in Frameworks */ = {isa = PBXBuildFile; fileRef = 80EC11DC1C445D6B001BE318 /* libopencv_core.a */; };
		80EC11E91C445D6B001BE318 /* libopencv_imgproc.a in Frameworks */ = {isa = PBXBuildFile; fileRef = 80EC11DD1C445D6B001BE318 /* libopencv_imgproc.a */; };
		80EC11EA1C445D6B001BE318 /* libPayPalMobile.a in Frameworks */ = {isa = PBXBuildFile; fileRef = 80EC11DF1C445D6B001BE318 /* libPayPalMobile.a */; };
		80EC11F41C445E73001BE318 /* Accelerate.framework in Frameworks */ = {isa = PBXBuildFile; fileRef = 80EC11EB1C445E73001BE318 /* Accelerate.framework */; };
		80EC11F51C445E73001BE318 /* AudioToolbox.framework in Frameworks */ = {isa = PBXBuildFile; fileRef = 80EC11EC1C445E73001BE318 /* AudioToolbox.framework */; };
		80EC11F61C445E73001BE318 /* AVFoundation.framework in Frameworks */ = {isa = PBXBuildFile; fileRef = 80EC11ED1C445E73001BE318 /* AVFoundation.framework */; };
		80EC11F71C445E73001BE318 /* CoreLocation.framework in Frameworks */ = {isa = PBXBuildFile; fileRef = 80EC11EE1C445E73001BE318 /* CoreLocation.framework */; };
		80EC11F81C445E73001BE318 /* CoreMedia.framework in Frameworks */ = {isa = PBXBuildFile; fileRef = 80EC11EF1C445E73001BE318 /* CoreMedia.framework */; };
		80EC11F91C445E73001BE318 /* MessageUI.framework in Frameworks */ = {isa = PBXBuildFile; fileRef = 80EC11F01C445E73001BE318 /* MessageUI.framework */; };
		80EC11FA1C445E73001BE318 /* MobileCoreServices.framework in Frameworks */ = {isa = PBXBuildFile; fileRef = 80EC11F11C445E73001BE318 /* MobileCoreServices.framework */; };
		80EC11FB1C445E73001BE318 /* SafariServices.framework in Frameworks */ = {isa = PBXBuildFile; fileRef = 80EC11F21C445E73001BE318 /* SafariServices.framework */; };
		80EC11FC1C445E73001BE318 /* SystemConfiguration.framework in Frameworks */ = {isa = PBXBuildFile; fileRef = 80EC11F31C445E73001BE318 /* SystemConfiguration.framework */; };
/* End PBXBuildFile section */

/* Begin PBXFileReference section */
		80EC11B31C445BEE001BE318 /* PayPal ExerciseManual.app */ = {isa = PBXFileReference; explicitFileType = wrapper.application; includeInIndex = 0; path = "PayPal ExerciseManual.app"; sourceTree = BUILT_PRODUCTS_DIR; };
		80EC11B71C445BEE001BE318 /* main.m */ = {isa = PBXFileReference; lastKnownFileType = sourcecode.c.objc; path = main.m; sourceTree = "<group>"; };
		80EC11B91C445BEE001BE318 /* AppDelegate.h */ = {isa = PBXFileReference; lastKnownFileType = sourcecode.c.h; path = AppDelegate.h; sourceTree = "<group>"; };
		80EC11BA1C445BEE001BE318 /* AppDelegate.m */ = {isa = PBXFileReference; lastKnownFileType = sourcecode.c.objc; path = AppDelegate.m; sourceTree = "<group>"; };
		80EC11BC1C445BEE001BE318 /* Start.h */ = {isa = PBXFileReference; lastKnownFileType = sourcecode.c.h; path = Start.h; sourceTree = "<group>"; };
		80EC11BD1C445BEE001BE318 /* Start.m */ = {isa = PBXFileReference; lastKnownFileType = sourcecode.c.objc; path = Start.m; sourceTree = "<group>"; };
		80EC11C01C445BEF001BE318 /* Base */ = {isa = PBXFileReference; lastKnownFileType = file.storyboard; name = Base; path = Base.lproj/Main.storyboard; sourceTree = "<group>"; };
		80EC11C31C445BEF001BE318 /* PayPal_ExerciseManual.xcdatamodel */ = {isa = PBXFileReference; lastKnownFileType = wrapper.xcdatamodel; path = PayPal_ExerciseManual.xcdatamodel; sourceTree = "<group>"; };
		80EC11C51C445BEF001BE318 /* Assets.xcassets */ = {isa = PBXFileReference; lastKnownFileType = folder.assetcatalog; path = Assets.xcassets; sourceTree = "<group>"; };
		80EC11C81C445BEF001BE318 /* Base */ = {isa = PBXFileReference; lastKnownFileType = file.storyboard; name = Base; path = Base.lproj/LaunchScreen.storyboard; sourceTree = "<group>"; };
		80EC11CA1C445BEF001BE318 /* Info.plist */ = {isa = PBXFileReference; lastKnownFileType = text.plist.xml; path = Info.plist; sourceTree = "<group>"; };
		80EC11D31C445D6B001BE318 /* CardIO.h */ = {isa = PBXFileReference; fileEncoding = 4; lastKnownFileType = sourcecode.c.h; path = CardIO.h; sourceTree = "<group>"; };
		80EC11D41C445D6B001BE318 /* CardIOCreditCardInfo.h */ = {isa = PBXFileReference; fileEncoding = 4; lastKnownFileType = sourcecode.c.h; path = CardIOCreditCardInfo.h; sourceTree = "<group>"; };
		80EC11D51C445D6B001BE318 /* CardIODetectionMode.h */ = {isa = PBXFileReference; fileEncoding = 4; lastKnownFileType = sourcecode.c.h; path = CardIODetectionMode.h; sourceTree = "<group>"; };
		80EC11D61C445D6B001BE318 /* CardIOPaymentViewController.h */ = {isa = PBXFileReference; fileEncoding = 4; lastKnownFileType = sourcecode.c.h; path = CardIOPaymentViewController.h; sourceTree = "<group>"; };
		80EC11D71C445D6B001BE318 /* CardIOPaymentViewControllerDelegate.h */ = {isa = PBXFileReference; fileEncoding = 4; lastKnownFileType = sourcecode.c.h; path = CardIOPaymentViewControllerDelegate.h; sourceTree = "<group>"; };
		80EC11D81C445D6B001BE318 /* CardIOUtilities.h */ = {isa = PBXFileReference; fileEncoding = 4; lastKnownFileType = sourcecode.c.h; path = CardIOUtilities.h; sourceTree = "<group>"; };
		80EC11D91C445D6B001BE318 /* CardIOView.h */ = {isa = PBXFileReference; fileEncoding = 4; lastKnownFileType = sourcecode.c.h; path = CardIOView.h; sourceTree = "<group>"; };
		80EC11DA1C445D6B001BE318 /* CardIOViewDelegate.h */ = {isa = PBXFileReference; fileEncoding = 4; lastKnownFileType = sourcecode.c.h; path = CardIOViewDelegate.h; sourceTree = "<group>"; };
		80EC11DB1C445D6B001BE318 /* libCardIO.a */ = {isa = PBXFileReference; lastKnownFileType = archive.ar; path = libCardIO.a; sourceTree = "<group>"; };
		80EC11DC1C445D6B001BE318 /* libopencv_core.a */ = {isa = PBXFileReference; lastKnownFileType = archive.ar; path = libopencv_core.a; sourceTree = "<group>"; };
		80EC11DD1C445D6B001BE318 /* libopencv_imgproc.a */ = {isa = PBXFileReference; lastKnownFileType = archive.ar; path = libopencv_imgproc.a; sourceTree = "<group>"; };
		80EC11DF1C445D6B001BE318 /* libPayPalMobile.a */ = {isa = PBXFileReference; lastKnownFileType = archive.ar; path = libPayPalMobile.a; sourceTree = "<group>"; };
		80EC11E01C445D6B001BE318 /* PayPalConfiguration.h */ = {isa = PBXFileReference; fileEncoding = 4; lastKnownFileType = sourcecode.c.h; path = PayPalConfiguration.h; sourceTree = "<group>"; };
		80EC11E11C445D6B001BE318 /* PayPalFuturePaymentViewController.h */ = {isa = PBXFileReference; fileEncoding = 4; lastKnownFileType = sourcecode.c.h; path = PayPalFuturePaymentViewController.h; sourceTree = "<group>"; };
		80EC11E21C445D6B001BE318 /* PayPalMobile.h */ = {isa = PBXFileReference; fileEncoding = 4; lastKnownFileType = sourcecode.c.h; path = PayPalMobile.h; sourceTree = "<group>"; };
		80EC11E31C445D6B001BE318 /* PayPalOAuthScopes.h */ = {isa = PBXFileReference; fileEncoding = 4; lastKnownFileType = sourcecode.c.h; path = PayPalOAuthScopes.h; sourceTree = "<group>"; };
		80EC11E41C445D6B001BE318 /* PayPalPayment.h */ = {isa = PBXFileReference; fileEncoding = 4; lastKnownFileType = sourcecode.c.h; path = PayPalPayment.h; sourceTree = "<group>"; };
		80EC11E51C445D6B001BE318 /* PayPalPaymentViewController.h */ = {isa = PBXFileReference; fileEncoding = 4; lastKnownFileType = sourcecode.c.h; path = PayPalPaymentViewController.h; sourceTree = "<group>"; };
		80EC11E61C445D6B001BE318 /* PayPalProfileSharingViewController.h */ = {isa = PBXFileReference; fileEncoding = 4; lastKnownFileType = sourcecode.c.h; path = PayPalProfileSharingViewController.h; sourceTree = "<group>"; };
		80EC11EB1C445E73001BE318 /* Accelerate.framework */ = {isa = PBXFileReference; lastKnownFileType = wrapper.framework; name = Accelerate.framework; path = System/Library/Frameworks/Accelerate.framework; sourceTree = SDKROOT; };
		80EC11EC1C445E73001BE318 /* AudioToolbox.framework */ = {isa = PBXFileReference; lastKnownFileType = wrapper.framework; name = AudioToolbox.framework; path = System/Library/Frameworks/AudioToolbox.framework; sourceTree = SDKROOT; };
		80EC11ED1C445E73001BE318 /* AVFoundation.framework */ = {isa = PBXFileReference; lastKnownFileType = wrapper.framework; name = AVFoundation.framework; path = System/Library/Frameworks/AVFoundation.framework; sourceTree = SDKROOT; };
		80EC11EE1C445E73001BE318 /* CoreLocation.framework */ = {isa = PBXFileReference; lastKnownFileType = wrapper.framework; name = CoreLocation.framework; path = System/Library/Frameworks/CoreLocation.framework; sourceTree = SDKROOT; };
		80EC11EF1C445E73001BE318 /* CoreMedia.framework */ = {isa = PBXFileReference; lastKnownFileType = wrapper.framework; name = CoreMedia.framework; path = System/Library/Frameworks/CoreMedia.framework; sourceTree = SDKROOT; };
		80EC11F01C445E73001BE318 /* MessageUI.framework */ = {isa = PBXFileReference; lastKnownFileType = wrapper.framework; name = MessageUI.framework; path = System/Library/Frameworks/MessageUI.framework; sourceTree = SDKROOT; };
		80EC11F11C445E73001BE318 /* MobileCoreServices.framework */ = {isa = PBXFileReference; lastKnownFileType = wrapper.framework; name = MobileCoreServices.framework; path = System/Library/Frameworks/MobileCoreServices.framework; sourceTree = SDKROOT; };
		80EC11F21C445E73001BE318 /* SafariServices.framework */ = {isa = PBXFileReference; lastKnownFileType = wrapper.framework; name = SafariServices.framework; path = System/Library/Frameworks/SafariServices.framework; sourceTree = SDKROOT; };
		80EC11F31C445E73001BE318 /* SystemConfiguration.framework */ = {isa = PBXFileReference; lastKnownFileType = wrapper.framework; name = SystemConfiguration.framework; path = System/Library/Frameworks/SystemConfiguration.framework; sourceTree = SDKROOT; };
/* End PBXFileReference section */

/* Begin PBXFrameworksBuildPhase section */
		80EC11B01C445BEE001BE318 /* Frameworks */ = {
			isa = PBXFrameworksBuildPhase;
			buildActionMask = 2147483647;
			files = (
				80EC11F41C445E73001BE318 /* Accelerate.framework in Frameworks */,
				80EC11F51C445E73001BE318 /* AudioToolbox.framework in Frameworks */,
				80EC11F61C445E73001BE318 /* AVFoundation.framework in Frameworks */,
				80EC11F71C445E73001BE318 /* CoreLocation.framework in Frameworks */,
				80EC11F81C445E73001BE318 /* CoreMedia.framework in Frameworks */,
				80EC11F91C445E73001BE318 /* MessageUI.framework in Frameworks */,
				80EC11FA1C445E73001BE318 /* MobileCoreServices.framework in Frameworks */,
				80EC11FB1C445E73001BE318 /* SafariServices.framework in Frameworks */,
				80EC11FC1C445E73001BE318 /* SystemConfiguration.framework in Frameworks */,
				80EC11E71C445D6B001BE318 /* libCardIO.a in Frameworks */,
				80EC11E81C445D6B001BE318 /* libopencv_core.a in Frameworks */,
				80EC11EA1C445D6B001BE318 /* libPayPalMobile.a in Frameworks */,
				80EC11E91C445D6B001BE318 /* libopencv_imgproc.a in Frameworks */,
			);
			runOnlyForDeploymentPostprocessing = 0;
		};
/* End PBXFrameworksBuildPhase section */

/* Begin PBXGroup section */
		80EC11AA1C445BEE001BE318 = {
			isa = PBXGroup;
			children = (
				80EC11EB1C445E73001BE318 /* Accelerate.framework */,
				80EC11EC1C445E73001BE318 /* AudioToolbox.framework */,
				80EC11ED1C445E73001BE318 /* AVFoundation.framework */,
				80EC11EE1C445E73001BE318 /* CoreLocation.framework */,
				80EC11EF1C445E73001BE318 /* CoreMedia.framework */,
				80EC11F01C445E73001BE318 /* MessageUI.framework */,
				80EC11F11C445E73001BE318 /* MobileCoreServices.framework */,
				80EC11F21C445E73001BE318 /* SafariServices.framework */,
				80EC11F31C445E73001BE318 /* SystemConfiguration.framework */,
				80EC11B51C445BEE001BE318 /* PayPal ExerciseManual */,
				80EC11B41C445BEE001BE318 /* Products */,
			);
			sourceTree = "<group>";
		};
		80EC11B41C445BEE001BE318 /* Products */ = {
			isa = PBXGroup;
			children = (
				80EC11B31C445BEE001BE318 /* PayPal ExerciseManual.app */,
			);
			name = Products;
			sourceTree = "<group>";
		};
		80EC11B51C445BEE001BE318 /* PayPal ExerciseManual */ = {
			isa = PBXGroup;
			children = (
				80EC11D21C445D6B001BE318 /* CardIO */,
				80EC11DE1C445D6B001BE318 /* PayPalMobile */,
				80EC11D11C445C8E001BE318 /* Main */,
				80EC11D01C445C87001BE318 /* Controllers */,
				80EC11BF1C445BEF001BE318 /* Main.storyboard */,
				80EC11C51C445BEF001BE318 /* Assets.xcassets */,
				80EC11C71C445BEF001BE318 /* LaunchScreen.storyboard */,
				80EC11CA1C445BEF001BE318 /* Info.plist */,
				80EC11C21C445BEF001BE318 /* PayPal_ExerciseManual.xcdatamodeld */,
				80EC11B61C445BEE001BE318 /* Supporting Files */,
			);
			path = "PayPal ExerciseManual";
			sourceTree = "<group>";
		};
		80EC11B61C445BEE001BE318 /* Supporting Files */ = {
			isa = PBXGroup;
			children = (
				80EC11B71C445BEE001BE318 /* main.m */,
			);
			name = "Supporting Files";
			sourceTree = "<group>";
		};
		80EC11D01C445C87001BE318 /* Controllers */ = {
			isa = PBXGroup;
			children = (
				80EC11BC1C445BEE001BE318 /* Start.h */,
				80EC11BD1C445BEE001BE318 /* Start.m */,
			);
			name = Controllers;
			sourceTree = "<group>";
		};
		80EC11D11C445C8E001BE318 /* Main */ = {
			isa = PBXGroup;
			children = (
				80EC11B91C445BEE001BE318 /* AppDelegate.h */,
				80EC11BA1C445BEE001BE318 /* AppDelegate.m */,
			);
			name = Main;
			sourceTree = "<group>";
		};
		80EC11D21C445D6B001BE318 /* CardIO */ = {
			isa = PBXGroup;
			children = (
				80EC11D31C445D6B001BE318 /* CardIO.h */,
				80EC11D41C445D6B001BE318 /* CardIOCreditCardInfo.h */,
				80EC11D51C445D6B001BE318 /* CardIODetectionMode.h */,
				80EC11D61C445D6B001BE318 /* CardIOPaymentViewController.h */,
				80EC11D71C445D6B001BE318 /* CardIOPaymentViewControllerDelegate.h */,
				80EC11D81C445D6B001BE318 /* CardIOUtilities.h */,
				80EC11D91C445D6B001BE318 /* CardIOView.h */,
				80EC11DA1C445D6B001BE318 /* CardIOViewDelegate.h */,
				80EC11DB1C445D6B001BE318 /* libCardIO.a */,
				80EC11DC1C445D6B001BE318 /* libopencv_core.a */,
				80EC11DD1C445D6B001BE318 /* libopencv_imgproc.a */,
			);
			path = CardIO;
			sourceTree = "<group>";
		};
		80EC11DE1C445D6B001BE318 /* PayPalMobile */ = {
			isa = PBXGroup;
			children = (
				80EC11DF1C445D6B001BE318 /* libPayPalMobile.a */,
				80EC11E01C445D6B001BE318 /* PayPalConfiguration.h */,
				80EC11E11C445D6B001BE318 /* PayPalFuturePaymentViewController.h */,
				80EC11E21C445D6B001BE318 /* PayPalMobile.h */,
				80EC11E31C445D6B001BE318 /* PayPalOAuthScopes.h */,
				80EC11E41C445D6B001BE318 /* PayPalPayment.h */,
				80EC11E51C445D6B001BE318 /* PayPalPaymentViewController.h */,
				80EC11E61C445D6B001BE318 /* PayPalProfileSharingViewController.h */,
			);
			path = PayPalMobile;
			sourceTree = "<group>";
		};
/* End PBXGroup section */

/* Begin PBXNativeTarget section */
		80EC11B21C445BEE001BE318 /* PayPal ExerciseManual */ = {
			isa = PBXNativeTarget;
			buildConfigurationList = 80EC11CD1C445BEF001BE318 /* Build configuration list for PBXNativeTarget "PayPal ExerciseManual" */;
			buildPhases = (
				80EC11AF1C445BEE001BE318 /* Sources */,
				80EC11B01C445BEE001BE318 /* Frameworks */,
				80EC11B11C445BEE001BE318 /* Resources */,
			);
			buildRules = (
			);
			dependencies = (
			);
			name = "PayPal ExerciseManual";
			productName = "PayPal ExerciseManual";
			productReference = 80EC11B31C445BEE001BE318 /* PayPal ExerciseManual.app */;
			productType = "com.apple.product-type.application";
		};
/* End PBXNativeTarget section */

/* Begin PBXProject section */
		80EC11AB1C445BEE001BE318 /* Project object */ = {
			isa = PBXProject;
			attributes = {
				LastUpgradeCheck = 0720;
				ORGANIZATIONNAME = FZagato;
				TargetAttributes = {
					80EC11B21C445BEE001BE318 = {
						CreatedOnToolsVersion = 7.2;
					};
				};
			};
			buildConfigurationList = 80EC11AE1C445BEE001BE318 /* Build configuration list for PBXProject "PayPal ExerciseManual" */;
			compatibilityVersion = "Xcode 3.2";
			developmentRegion = English;
			hasScannedForEncodings = 0;
			knownRegions = (
				en,
				Base,
			);
			mainGroup = 80EC11AA1C445BEE001BE318;
			productRefGroup = 80EC11B41C445BEE001BE318 /* Products */;
			projectDirPath = "";
			projectRoot = "";
			targets = (
				80EC11B21C445BEE001BE318 /* PayPal ExerciseManual */,
			);
		};
/* End PBXProject section */

/* Begin PBXResourcesBuildPhase section */
		80EC11B11C445BEE001BE318 /* Resources */ = {
			isa = PBXResourcesBuildPhase;
			buildActionMask = 2147483647;
			files = (
				80EC11C91C445BEF001BE318 /* LaunchScreen.storyboard in Resources */,
				80EC11C61C445BEF001BE318 /* Assets.xcassets in Resources */,
				80EC11C11C445BEF001BE318 /* Main.storyboard in Resources */,
			);
			runOnlyForDeploymentPostprocessing = 0;
		};
/* End PBXResourcesBuildPhase section */

/* Begin PBXSourcesBuildPhase section */
		80EC11AF1C445BEE001BE318 /* Sources */ = {
			isa = PBXSourcesBuildPhase;
			buildActionMask = 2147483647;
			files = (
				80EC11BE1C445BEE001BE318 /* Start.m in Sources */,
				80EC11BB1C445BEE001BE318 /* AppDelegate.m in Sources */,
				80EC11C41C445BEF001BE318 /* PayPal_ExerciseManual.xcdatamodeld in Sources */,
				80EC11B81C445BEE001BE318 /* main.m in Sources */,
			);
			runOnlyForDeploymentPostprocessing = 0;
		};
/* End PBXSourcesBuildPhase section */

/* Begin PBXVariantGroup section */
		80EC11BF1C445BEF001BE318 /* Main.storyboard */ = {
			isa = PBXVariantGroup;
			children = (
				80EC11C01C445BEF001BE318 /* Base */,
			);
			name = Main.storyboard;
			sourceTree = "<group>";
		};
		80EC11C71C445BEF001BE318 /* LaunchScreen.storyboard */ = {
			isa = PBXVariantGroup;
			children = (
				80EC11C81C445BEF001BE318 /* Base */,
			);
			name = LaunchScreen.storyboard;
			sourceTree = "<group>";
		};
/* End PBXVariantGroup section */

/* Begin XCBuildConfiguration section */
		80EC11CB1C445BEF001BE318 /* Debug */ = {
			isa = XCBuildConfiguration;
			buildSettings = {
				ALWAYS_SEARCH_USER_PATHS = NO;
				CLANG_CXX_LANGUAGE_STANDARD = "gnu++0x";
				CLANG_CXX_LIBRARY = "libc++";
				CLANG_ENABLE_MODULES = YES;
				CLANG_ENABLE_OBJC_ARC = YES;
				CLANG_WARN_BOOL_CONVERSION = YES;
				CLANG_WARN_CONSTANT_CONVERSION = YES;
				CLANG_WARN_DIRECT_OBJC_ISA_USAGE = YES_ERROR;
				CLANG_WARN_EMPTY_BODY = YES;
				CLANG_WARN_ENUM_CONVERSION = YES;
				CLANG_WARN_INT_CONVERSION = YES;
				CLANG_WARN_OBJC_ROOT_CLASS = YES_ERROR;
				CLANG_WARN_UNREACHABLE_CODE = YES;
				CLANG_WARN__DUPLICATE_METHOD_MATCH = YES;
				"CODE_SIGN_IDENTITY[sdk=iphoneos*]" = "iPhone Developer";
				COPY_PHASE_STRIP = NO;
				DEBUG_INFORMATION_FORMAT = dwarf;
				ENABLE_STRICT_OBJC_MSGSEND = YES;
				ENABLE_TESTABILITY = YES;
				GCC_C_LANGUAGE_STANDARD = gnu99;
				GCC_DYNAMIC_NO_PIC = NO;
				GCC_NO_COMMON_BLOCKS = YES;
				GCC_OPTIMIZATION_LEVEL = 0;
				GCC_PREPROCESSOR_DEFINITIONS = (
					"DEBUG=1",
					"$(inherited)",
				);
				GCC_WARN_64_TO_32_BIT_CONVERSION = YES;
				GCC_WARN_ABOUT_RETURN_TYPE = YES_ERROR;
				GCC_WARN_UNDECLARED_SELECTOR = YES;
				GCC_WARN_UNINITIALIZED_AUTOS = YES_AGGRESSIVE;
				GCC_WARN_UNUSED_FUNCTION = YES;
				GCC_WARN_UNUSED_VARIABLE = YES;
				IPHONEOS_DEPLOYMENT_TARGET = 9.1;
				MTL_ENABLE_DEBUG_INFO = YES;
				ONLY_ACTIVE_ARCH = YES;
				OTHER_LDFLAGS = (
					"-lc++",
					"-ObjC",
				);
				SDKROOT = iphoneos;
			};
			name = Debug;
		};
		80EC11CC1C445BEF001BE318 /* Release */ = {
			isa = XCBuildConfiguration;
			buildSettings = {
				ALWAYS_SEARCH_USER_PATHS = NO;
				CLANG_CXX_LANGUAGE_STANDARD = "gnu++0x";
				CLANG_CXX_LIBRARY = "libc++";
				CLANG_ENABLE_MODULES = YES;
				CLANG_ENABLE_OBJC_ARC = YES;
				CLANG_WARN_BOOL_CONVERSION = YES;
				CLANG_WARN_CONSTANT_CONVERSION = YES;
				CLANG_WARN_DIRECT_OBJC_ISA_USAGE = YES_ERROR;
				CLANG_WARN_EMPTY_BODY = YES;
				CLANG_WARN_ENUM_CONVERSION = YES;
				CLANG_WARN_INT_CONVERSION = YES;
				CLANG_WARN_OBJC_ROOT_CLASS = YES_ERROR;
				CLANG_WARN_UNREACHABLE_CODE = YES;
				CLANG_WARN__DUPLICATE_METHOD_MATCH = YES;
				"CODE_SIGN_IDENTITY[sdk=iphoneos*]" = "iPhone Developer";
				COPY_PHASE_STRIP = NO;
				DEBUG_INFORMATION_FORMAT = "dwarf-with-dsym";
				ENABLE_NS_ASSERTIONS = NO;
				ENABLE_STRICT_OBJC_MSGSEND = YES;
				GCC_C_LANGUAGE_STANDARD = gnu99;
				GCC_NO_COMMON_BLOCKS = YES;
				GCC_WARN_64_TO_32_BIT_CONVERSION = YES;
				GCC_WARN_ABOUT_RETURN_TYPE = YES_ERROR;
				GCC_WARN_UNDECLARED_SELECTOR = YES;
				GCC_WARN_UNINITIALIZED_AUTOS = YES_AGGRESSIVE;
				GCC_WARN_UNUSED_FUNCTION = YES;
				GCC_WARN_UNUSED_VARIABLE = YES;
				IPHONEOS_DEPLOYMENT_TARGET = 9.1;
				MTL_ENABLE_DEBUG_INFO = NO;
				OTHER_LDFLAGS = (
					"-lc++",
					"-ObjC",
				);
				SDKROOT = iphoneos;
				VALIDATE_PRODUCT = YES;
			};
			name = Release;
		};
		80EC11CE1C445BEF001BE318 /* Debug */ = {
			isa = XCBuildConfiguration;
			buildSettings = {
				ASSETCATALOG_COMPILER_APPICON_NAME = AppIcon;
				INFOPLIST_FILE = "PayPal ExerciseManual/Info.plist";
				LD_RUNPATH_SEARCH_PATHS = "$(inherited) @executable_path/Frameworks";
				LIBRARY_SEARCH_PATHS = (
					"$(inherited)",
					"$(PROJECT_DIR)/PayPal",
					ExerciseManual/CardIO,
					"$(PROJECT_DIR)/PayPal",
					ExerciseManual/PayPalMobile,
				);
				PRODUCT_BUNDLE_IDENTIFIER = "net.fzagato.PayPal-ExerciseManual";
				PRODUCT_NAME = "$(TARGET_NAME)";
			};
			name = Debug;
		};
		80EC11CF1C445BEF001BE318 /* Release */ = {
			isa = XCBuildConfiguration;
			buildSettings = {
				ASSETCATALOG_COMPILER_APPICON_NAME = AppIcon;
				INFOPLIST_FILE = "PayPal ExerciseManual/Info.plist";
				LD_RUNPATH_SEARCH_PATHS = "$(inherited) @executable_path/Frameworks";
				LIBRARY_SEARCH_PATHS = (
					"$(inherited)",
					"$(PROJECT_DIR)/PayPal",
					ExerciseManual/CardIO,
					"$(PROJECT_DIR)/PayPal",
					ExerciseManual/PayPalMobile,
				);
				PRODUCT_BUNDLE_IDENTIFIER = "net.fzagato.PayPal-ExerciseManual";
				PRODUCT_NAME = "$(TARGET_NAME)";
			};
			name = Release;
		};
/* End XCBuildConfiguration section */

/* Begin XCConfigurationList section */
		80EC11AE1C445BEE001BE318 /* Build configuration list for PBXProject "PayPal ExerciseManual" */ = {
			isa = XCConfigurationList;
			buildConfigurations = (
				80EC11CB1C445BEF001BE318 /* Debug */,
				80EC11CC1C445BEF001BE318 /* Release */,
			);
			defaultConfigurationIsVisible = 0;
			defaultConfigurationName = Release;
		};
		80EC11CD1C445BEF001BE318 /* Build configuration list for PBXNativeTarget "PayPal ExerciseManual" */ = {
			isa = XCConfigurationList;
			buildConfigurations = (
				80EC11CE1C445BEF001BE318 /* Debug */,
				80EC11CF1C445BEF001BE318 /* Release */,
			);
			defaultConfigurationIsVisible = 0;
		};
/* End XCConfigurationList section */

/* Begin XCVersionGroup section */
		80EC11C21C445BEF001BE318 /* PayPal_ExerciseManual.xcdatamodeld */ = {
			isa = XCVersionGroup;
			children = (
				80EC11C31C445BEF001BE318 /* PayPal_ExerciseManual.xcdatamodel */,
			);
			currentVersion = 80EC11C31C445BEF001BE318 /* PayPal_ExerciseManual.xcdatamodel */;
			path = PayPal_ExerciseManual.xcdatamodeld;
			sourceTree = "<group>";
			versionGroupType = wrapper.xcdatamodel;
		};
/* End XCVersionGroup section */
	};
	rootObject = 80EC11AB1C445BEE001BE318 /* Project object */;
}
